
Microsoft Visual Studio Solution File, Format Version 12.00
# Visual Studio Version 17
VisualStudioVersion = 17.13.35919.96
MinimumVisualStudioVersion = 10.0.40219.1
Project("{54A90642-561A-4BB1-A94E-469ADEE60C69}") = "schat.client", "schat.client\schat.client.esproj", "{B3C1651A-B00D-2805-2735-FE78D8134DE4}"
EndProject
Project("{FAE04EC0-301F-11D3-BF4B-00C04F79EFBC}") = "Schat.Server", "Schat.Server\Schat.Server.csproj", "{7D1122B4-B4DE-44B1-AE20-3CB91C47508C}"
EndProject
Project("{FAE04EC0-301F-11D3-BF4B-00C04F79EFBC}") = "Schat.Auth", "Schat.Auth\Schat.Auth.csproj", "{E9398485-7729-4337-B1E4-E8EAD274B7E8}"
EndProject
Global
	GlobalSection(SolutionConfigurationPlatforms) = preSolution
		Debug|Any CPU = Debug|Any CPU
		Release|Any CPU = Release|Any CPU
	EndGlobalSection
	GlobalSection(ProjectConfigurationPlatforms) = postSolution
		{B3C1651A-B00D-2805-2735-FE78D8134DE4}.Debug|Any CPU.ActiveCfg = Debug|Any CPU
		{B3C1651A-B00D-2805-2735-FE78D8134DE4}.Debug|Any CPU.Build.0 = Debug|Any CPU
		{B3C1651A-B00D-2805-2735-FE78D8134DE4}.Debug|Any CPU.Deploy.0 = Debug|Any CPU
		{B3C1651A-B00D-2805-2735-FE78D8134DE4}.Release|Any CPU.ActiveCfg = Release|Any CPU
		{B3C1651A-B00D-2805-2735-FE78D8134DE4}.Release|Any CPU.Build.0 = Release|Any CPU
		{B3C1651A-B00D-2805-2735-FE78D8134DE4}.Release|Any CPU.Deploy.0 = Release|Any CPU
		{7D1122B4-B4DE-44B1-AE20-3CB91C47508C}.Debug|Any CPU.ActiveCfg = Debug|Any CPU
		{7D1122B4-B4DE-44B1-AE20-3CB91C47508C}.Debug|Any CPU.Build.0 = Debug|Any CPU
		{7D1122B4-B4DE-44B1-AE20-3CB91C47508C}.Release|Any CPU.ActiveCfg = Release|Any CPU
		{7D1122B4-B4DE-44B1-AE20-3CB91C47508C}.Release|Any CPU.Build.0 = Release|Any CPU
		{E9398485-7729-4337-B1E4-E8EAD274B7E8}.Debug|Any CPU.ActiveCfg = Debug|Any CPU
		{E9398485-7729-4337-B1E4-E8EAD274B7E8}.Debug|Any CPU.Build.0 = Debug|Any CPU
		{E9398485-7729-4337-B1E4-E8EAD274B7E8}.Release|Any CPU.ActiveCfg = Release|Any CPU
		{E9398485-7729-4337-B1E4-E8EAD274B7E8}.Release|Any CPU.Build.0 = Release|Any CPU
	EndGlobalSection
	GlobalSection(SolutionProperties) = preSolution
		HideSolutionNode = FALSE
	EndGlobalSection
	GlobalSection(ExtensibilityGlobals) = postSolution
		SolutionGuid = {4CF38A99-B87F-416E-B44B-F8BA95D925FA}
	EndGlobalSection
EndGlobal
